# THIS IS AN AUTOGENERATED FILE. DO NOT EDIT THIS FILE DIRECTLY.
# yarn lockfile v1


csvtojson@^1.1.7:
  version "1.1.7"
  resolved "https://registry.yarnpkg.com/csvtojson/-/csvtojson-1.1.7.tgz#17ded07aec0d8c01f2d6f6871cfa36ab88b149b1"
  dependencies:
    lodash "^4.17.3"
    strip-bom "1.0.0"

first-chunk-stream@^1.0.0:
  version "1.0.0"
  resolved "https://registry.yarnpkg.com/first-chunk-stream/-/first-chunk-stream-1.0.0.tgz#59bfb50cd905f60d7c394cd3d9acaab4e6ad934e"

ip-subnet-calculator@^1.1.8:
  version "1.1.8"
  resolved "https://registry.yarnpkg.com/ip-subnet-calculator/-/ip-subnet-calculator-1.1.8.tgz#9bc02e233d5a43efae7adeb45f6a694b82b970fd"

is-utf8@^0.2.0:
  version "0.2.1"
  resolved "https://registry.yarnpkg.com/is-utf8/-/is-utf8-0.2.1.tgz#4b0da1442104d1b336340e80797e865cf39f7d72"

lodash@^4.17.3:
  version "4.17.4"
  resolved "https://registry.yarnpkg.com/lodash/-/lodash-4.17.4.tgz#78203a4d1c328ae1d86dca6460e369b57f4055ae"

squel@^5.11.1:
  version "5.11.1"
  resolved "https://registry.yarnpkg.com/squel/-/squel-5.11.1.tgz#56dcdad259ad6b416484af8c419c474f0c189339"

strip-bom@1.0.0:
  version "1.0.0"
  resolved "https://registry.yarnpkg.com/strip-bom/-/strip-bom-1.0.0.tgz#85b8862f3844b5a6d5ec8467a93598173a36f794"
  dependencies:
    first-chunk-stream "^1.0.0"
    is-utf8 "^0.2.0"
